
Microsoft Visual Studio Solution File, Format Version 12.00
# Visual Studio Version 17
VisualStudioVersion = 17.8.34330.188
MinimumVisualStudioVersion = 10.0.40219.1
Project("{FAE04EC0-301F-11D3-BF4B-00C04F79EFBC}") = "FactoryMethodConsole", "FactoryMethodConsole.csproj", "{CAEB1E57-9EBE-4CC3-8FA0-E68AB1C40096}"
EndProject
Global
	GlobalSection(SolutionConfigurationPlatforms) = preSolution
		Debug|Any CPU = Debug|Any CPU
		Release|Any CPU = Release|Any CPU
	EndGlobalSection
	GlobalSection(ProjectConfigurationPlatforms) = postSolution
		{CAEB1E57-9EBE-4CC3-8FA0-E68AB1C40096}.Debug|Any CPU.ActiveCfg = Debug|Any CPU
		{CAEB1E57-9EBE-4CC3-8FA0-E68AB1C40096}.Debug|Any CPU.Build.0 = Debug|Any CPU
		{CAEB1E57-9EBE-4CC3-8FA0-E68AB1C40096}.Release|Any CPU.ActiveCfg = Release|Any CPU
		{CAEB1E57-9EBE-4CC3-8FA0-E68AB1C40096}.Release|Any CPU.Build.0 = Release|Any CPU
	EndGlobalSection
	GlobalSection(SolutionProperties) = preSolution
		HideSolutionNode = FALSE
	EndGlobalSection
	GlobalSection(ExtensibilityGlobals) = postSolution
		SolutionGuid = {A6C3F937-2BD6-4CBE-AC58-070C23B5A8B0}
	EndGlobalSection
EndGlobal
